github.com/SebastiaanKlippert/go-wkhtmltopdf v1.9.0 h1:DNrExYwvyyI404SxdUCCANAj9TwnGjRfa3cYFMNY1AU=
github.com/SebastiaanKlippert/go-wkhtmltopdf v1.9.0/go.mod h1:SQq4xfIdvf6WYKSDxAJc+xOJdolt+/bc1jnQKMtPMvQ=
github.com/google/uuid v1.3.0 h1:t6JiXgmwXMjEs8VusXIJk2BXHsn+wx8BZdTaoZ5fu7I=
github.com/google/uuid v1.3.0/go.mod h1:TIyPZe4MgqvfeYDBFedMoGGpEw/LqOeaOT+nhxU+yHo=
